PODS:
  - Flutter (1.0.0)
  - flutter_aes_plugin (0.0.1):
    - Flutter

DEPENDENCIES:
  - Flutter (from `Flutter`)
  - flutter_aes_plugin (from `.symlinks/plugins/flutter_aes_plugin/ios`)

EXTERNAL SOURCES:
  Flutter:
    :path: Flutter
  flutter_aes_plugin:
    :path: ".symlinks/plugins/flutter_aes_plugin/ios"

SPEC CHECKSUMS:
  Flutter: 0e3d915762c693b495b44d77113d4970485de6ec
  flutter_aes_plugin: dd1e378c99cda5314386ebad2ebc6a42045817fc

PODFILE CHECKSUM: f32fb4e7c14f8b3ca19a369d7be425dd9241af27

COCOAPODS: 1.9.3
